
Microsoft Visual Studio Solution File, Format Version 12.00
# Visual Studio Version 16
VisualStudioVersion = 16.0.29905.134
MinimumVisualStudioVersion = 10.0.40219.1
Project("{FAE04EC0-301F-11D3-BF4B-00C04F79EFBC}") = "KekDukkani", "KekDukkani\KekDukkani.csproj", "{72B3D934-0BEC-478C-AD41-91DAAA952837}"
EndProject
Global
	GlobalSection(SolutionConfigurationPlatforms) = preSolution
		Debug|Any CPU = Debug|Any CPU
		Release|Any CPU = Release|Any CPU
	EndGlobalSection
	GlobalSection(ProjectConfigurationPlatforms) = postSolution
		{72B3D934-0BEC-478C-AD41-91DAAA952837}.Debug|Any CPU.ActiveCfg = Debug|Any CPU
		{72B3D934-0BEC-478C-AD41-91DAAA952837}.Debug|Any CPU.Build.0 = Debug|Any CPU
		{72B3D934-0BEC-478C-AD41-91DAAA952837}.Release|Any CPU.ActiveCfg = Release|Any CPU
		{72B3D934-0BEC-478C-AD41-91DAAA952837}.Release|Any CPU.Build.0 = Release|Any CPU
	EndGlobalSection
	GlobalSection(SolutionProperties) = preSolution
		HideSolutionNode = FALSE
	EndGlobalSection
	GlobalSection(ExtensibilityGlobals) = postSolution
		SolutionGuid = {C7808ACB-5DF4-46FC-A381-AA8B9E820C21}
	EndGlobalSection
EndGlobal
